// !$*UTF8*$!
{
	archiveVersion = 1;
	classes = {
	};
	objectVersion = 46;
	objects = {

/* Begin PBXBuildFile section */
		B1128DEF1EC37062007C58C1 /* UranusViewController.swift in Sources */ = {isa = PBXBuildFile; fileRef = B1128DEE1EC37062007C58C1 /* UranusViewController.swift */; };
		B1128DF11EC371B4007C58C1 /* MarsViewController.swift in Sources */ = {isa = PBXBuildFile; fileRef = B1128DF01EC371B4007C58C1 /* MarsViewController.swift */; };
		B1128DF31EC371FA007C58C1 /* TheEarthViewController.swift in Sources */ = {isa = PBXBuildFile; fileRef = B1128DF21EC371FA007C58C1 /* TheEarthViewController.swift */; };
		B1128DF51EC37274007C58C1 /* JupiterViewController.swift in Sources */ = {isa = PBXBuildFile; fileRef = B1128DF41EC37274007C58C1 /* JupiterViewController.swift */; };
		B1128DF71EC372C6007C58C1 /* SaturnViewController.swift in Sources */ = {isa = PBXBuildFile; fileRef = B1128DF61EC372C6007C58C1 /* SaturnViewController.swift */; };
		B1128DF91EC372EF007C58C1 /* TheSunViewController.swift in Sources */ = {isa = PBXBuildFile; fileRef = B1128DF81EC372EF007C58C1 /* TheSunViewController.swift */; };
		B1128DFB1EC37380007C58C1 /* NeptuneViewController.swift in Sources */ = {isa = PBXBuildFile; fileRef = B1128DFA1EC37380007C58C1 /* NeptuneViewController.swift */; };
		B1128DFD1EC3739D007C58C1 /* TheMoonViewController.swift in Sources */ = {isa = PBXBuildFile; fileRef = B1128DFC1EC3739D007C58C1 /* TheMoonViewController.swift */; };
		B1128DFF1EC374F6007C58C1 /* VenusViewController.swift in Sources */ = {isa = PBXBuildFile; fileRef = B1128DFE1EC374F6007C58C1 /* VenusViewController.swift */; };
		B1128E011EC3752A007C58C1 /* MercuryViewController.swift in Sources */ = {isa = PBXBuildFile; fileRef = B1128E001EC3752A007C58C1 /* MercuryViewController.swift */; };
		B159D5001EE41D9400176077 /* File.swift in Sources */ = {isa = PBXBuildFile; fileRef = B159D4FF1EE41D9400176077 /* File.swift */; };
		B159D5021EE420B500176077 /* WebViewController.swift in Sources */ = {isa = PBXBuildFile; fileRef = B159D5011EE420B500176077 /* WebViewController.swift */; };
		B1AF00011EBB4DB2005664E6 /* The_UniverseTests.swift in Sources */ = {isa = PBXBuildFile; fileRef = B1AF00001EBB4DB2005664E6 /* The_UniverseTests.swift */; };
		B1AF000C1EBB4DB2005664E6 /* The_UniverseUITests.swift in Sources */ = {isa = PBXBuildFile; fileRef = B1AF000B1EBB4DB2005664E6 /* The_UniverseUITests.swift */; };
		B1AFFFEC1EBB4DB1005664E6 /* AppDelegate.swift in Sources */ = {isa = PBXBuildFile; fileRef = B1AFFFEB1EBB4DB1005664E6 /* AppDelegate.swift */; };
		B1AFFFEE1EBB4DB1005664E6 /* ViewController.swift in Sources */ = {isa = PBXBuildFile; fileRef = B1AFFFED1EBB4DB1005664E6 /* ViewController.swift */; };
		B1AFFFF11EBB4DB1005664E6 /* Main.storyboard in Resources */ = {isa = PBXBuildFile; fileRef = B1AFFFEF1EBB4DB1005664E6 /* Main.storyboard */; };
		B1AFFFF31EBB4DB1005664E6 /* Assets.xcassets in Resources */ = {isa = PBXBuildFile; fileRef = B1AFFFF21EBB4DB1005664E6 /* Assets.xcassets */; };
		B1AFFFF61EBB4DB1005664E6 /* LaunchScreen.storyboard in Resources */ = {isa = PBXBuildFile; fileRef = B1AFFFF41EBB4DB1005664E6 /* LaunchScreen.storyboard */; };
/* End PBXBuildFile section */

/* Begin PBXContainerItemProxy section */
		B1AF00081EBB4DB2005664E6 /* PBXContainerItemProxy */ = {
			isa = PBXContainerItemProxy;
			containerPortal = B1AFFFE01EBB4DB1005664E6 /* Project object */;
			proxyType = 1;
			remoteGlobalIDString = B1AFFFE71EBB4DB1005664E6;
			remoteInfo = "The Universe";
		};
		B1AFFFFD1EBB4DB2005664E6 /* PBXContainerItemProxy */ = {
			isa = PBXContainerItemProxy;
			containerPortal = B1AFFFE01EBB4DB1005664E6 /* Project object */;
			proxyType = 1;
			remoteGlobalIDString = B1AFFFE71EBB4DB1005664E6;
			remoteInfo = "The Universe";
		};
/* End PBXContainerItemProxy section */

/* Begin PBXFileReference section */
		B1128DEE1EC37062007C58C1 /* UranusViewController.swift */ = {isa = PBXFileReference; fileEncoding = 4; lastKnownFileType = sourcecode.swift; path = UranusViewController.swift; sourceTree = "<group>"; };
		B1128DF01EC371B4007C58C1 /* MarsViewController.swift */ = {isa = PBXFileReference; fileEncoding = 4; lastKnownFileType = sourcecode.swift; path = MarsViewController.swift; sourceTree = "<group>"; };
		B1128DF21EC371FA007C58C1 /* TheEarthViewController.swift */ = {isa = PBXFileReference; fileEncoding = 4; lastKnownFileType = sourcecode.swift; path = TheEarthViewController.swift; sourceTree = "<group>"; };
		B1128DF41EC37274007C58C1 /* JupiterViewController.swift */ = {isa = PBXFileReference; fileEncoding = 4; lastKnownFileType = sourcecode.swift; path = JupiterViewController.swift; sourceTree = "<group>"; };
		B1128DF61EC372C6007C58C1 /* SaturnViewController.swift */ = {isa = PBXFileReference; fileEncoding = 4; lastKnownFileType = sourcecode.swift; path = SaturnViewController.swift; sourceTree = "<group>"; };
		B1128DF81EC372EF007C58C1 /* TheSunViewController.swift */ = {isa = PBXFileReference; fileEncoding = 4; lastKnownFileType = sourcecode.swift; path = TheSunViewController.swift; sourceTree = "<group>"; };
		B1128DFA1EC37380007C58C1 /* NeptuneViewController.swift */ = {isa = PBXFileReference; fileEncoding = 4; lastKnownFileType = sourcecode.swift; path = NeptuneViewController.swift; sourceTree = "<group>"; };
		B1128DFC1EC3739D007C58C1 /* TheMoonViewController.swift */ = {isa = PBXFileReference; fileEncoding = 4; lastKnownFileType = sourcecode.swift; path = TheMoonViewController.swift; sourceTree = "<group>"; };
		B1128DFE1EC374F6007C58C1 /* VenusViewController.swift */ = {isa = PBXFileReference; fileEncoding = 4; lastKnownFileType = sourcecode.swift; path = VenusViewController.swift; sourceTree = "<group>"; };
		B1128E001EC3752A007C58C1 /* MercuryViewController.swift */ = {isa = PBXFileReference; fileEncoding = 4; lastKnownFileType = sourcecode.swift; path = MercuryViewController.swift; sourceTree = "<group>"; };
		B159D4FF1EE41D9400176077 /* File.swift */ = {isa = PBXFileReference; fileEncoding = 4; lastKnownFileType = sourcecode.swift; path = File.swift; sourceTree = "<group>"; };
		B159D5011EE420B500176077 /* WebViewController.swift */ = {isa = PBXFileReference; fileEncoding = 4; lastKnownFileType = sourcecode.swift; path = WebViewController.swift; sourceTree = "<group>"; };
		B1AF00001EBB4DB2005664E6 /* The_UniverseTests.swift */ = {isa = PBXFileReference; lastKnownFileType = sourcecode.swift; path = The_UniverseTests.swift; sourceTree = "<group>"; };
		B1AF00021EBB4DB2005664E6 /* Info.plist */ = {isa = PBXFileReference; lastKnownFileType = text.plist.xml; path = Info.plist; sourceTree = "<group>"; };
		B1AF00071EBB4DB2005664E6 /* The UniverseUITests.xctest */ = {isa = PBXFileReference; explicitFileType = wrapper.cfbundle; includeInIndex = 0; path = "The UniverseUITests.xctest"; sourceTree = BUILT_PRODUCTS_DIR; };
		B1AF000B1EBB4DB2005664E6 /* The_UniverseUITests.swift */ = {isa = PBXFileReference; lastKnownFileType = sourcecode.swift; path = The_UniverseUITests.swift; sourceTree = "<group>"; };
		B1AF000D1EBB4DB2005664E6 /* Info.plist */ = {isa = PBXFileReference; lastKnownFileType = text.plist.xml; path = Info.plist; sourceTree = "<group>"; };
		B1AFFFE81EBB4DB1005664E6 /* The Universe.app */ = {isa = PBXFileReference; explicitFileType = wrapper.application; includeInIndex = 0; path = "The Universe.app"; sourceTree = BUILT_PRODUCTS_DIR; };
		B1AFFFEB1EBB4DB1005664E6 /* AppDelegate.swift */ = {isa = PBXFileReference; lastKnownFileType = sourcecode.swift; path = AppDelegate.swift; sourceTree = "<group>"; };
		B1AFFFED1EBB4DB1005664E6 /* ViewController.swift */ = {isa = PBXFileReference; lastKnownFileType = sourcecode.swift; path = ViewController.swift; sourceTree = "<group>"; };
		B1AFFFF01EBB4DB1005664E6 /* Base */ = {isa = PBXFileReference; lastKnownFileType = file.storyboard; name = Base; path = Base.lproj/Main.storyboard; sourceTree = "<group>"; };
		B1AFFFF21EBB4DB1005664E6 /* Assets.xcassets */ = {isa = PBXFileReference; lastKnownFileType = folder.assetcatalog; path = Assets.xcassets; sourceTree = "<group>"; };
		B1AFFFF51EBB4DB1005664E6 /* Base */ = {isa = PBXFileReference; lastKnownFileType = file.storyboard; name = Base; path = Base.lproj/LaunchScreen.storyboard; sourceTree = "<group>"; };
		B1AFFFF71EBB4DB1005664E6 /* Info.plist */ = {isa = PBXFileReference; lastKnownFileType = text.plist.xml; path = Info.plist; sourceTree = "<group>"; };
		B1AFFFFC1EBB4DB2005664E6 /* The UniverseTests.xctest */ = {isa = PBXFileReference; explicitFileType = wrapper.cfbundle; includeInIndex = 0; path = "The UniverseTests.xctest"; sourceTree = BUILT_PRODUCTS_DIR; };
/* End PBXFileReference section */

/* Begin PBXFrameworksBuildPhase section */
		B1AF00041EBB4DB2005664E6 /* Frameworks */ = {
			isa = PBXFrameworksBuildPhase;
			buildActionMask = 2147483647;
			files = (
			);
			runOnlyForDeploymentPostprocessing = 0;
		};
		B1AFFFE51EBB4DB1005664E6 /* Frameworks */ = {
			isa = PBXFrameworksBuildPhase;
			buildActionMask = 2147483647;
			files = (
			);
			runOnlyForDeploymentPostprocessing = 0;
		};
		B1AFFFF91EBB4DB2005664E6 /* Frameworks */ = {
			isa = PBXFrameworksBuildPhase;
			buildActionMask = 2147483647;
			files = (
			);
			runOnlyForDeploymentPostprocessing = 0;
		};
/* End PBXFrameworksBuildPhase section */

/* Begin PBXGroup section */
		B1AF000A1EBB4DB2005664E6 /* The UniverseUITests */ = {
			isa = PBXGroup;
			children = (
				B1AF000B1EBB4DB2005664E6 /* The_UniverseUITests.swift */,
				B1AF000D1EBB4DB2005664E6 /* Info.plist */,
			);
			path = "The UniverseUITests";
			sourceTree = "<group>";
		};
		B1AFFFDF1EBB4DB1005664E6 = {
			isa = PBXGroup;
			children = (
				B1AFFFEA1EBB4DB1005664E6 /* The Universe */,
				B1AFFFFF1EBB4DB2005664E6 /* The UniverseTests */,
				B1AF000A1EBB4DB2005664E6 /* The UniverseUITests */,
				B1AFFFE91EBB4DB1005664E6 /* Products */,
			);
			sourceTree = "<group>";
		};
		B1AFFFE91EBB4DB1005664E6 /* Products */ = {
			isa = PBXGroup;
			children = (
				B1AFFFE81EBB4DB1005664E6 /* The Universe.app */,
				B1AFFFFC1EBB4DB2005664E6 /* The UniverseTests.xctest */,
				B1AF00071EBB4DB2005664E6 /* The UniverseUITests.xctest */,
			);
			name = Products;
			sourceTree = "<group>";
		};
		B1AFFFEA1EBB4DB1005664E6 /* The Universe */ = {
			isa = PBXGroup;
			children = (
				B1AFFFEB1EBB4DB1005664E6 /* AppDelegate.swift */,
				B159D4FF1EE41D9400176077 /* File.swift */,
				B159D5011EE420B500176077 /* WebViewController.swift */,
				B1AFFFED1EBB4DB1005664E6 /* ViewController.swift */,
				B1AFFFEF1EBB4DB1005664E6 /* Main.storyboard */,
				B1128DEE1EC37062007C58C1 /* UranusViewController.swift */,
				B1128DF01EC371B4007C58C1 /* MarsViewController.swift */,
				B1128DF21EC371FA007C58C1 /* TheEarthViewController.swift */,
				B1128DF61EC372C6007C58C1 /* SaturnViewController.swift */,
				B1128DF81EC372EF007C58C1 /* TheSunViewController.swift */,
				B1128DFA1EC37380007C58C1 /* NeptuneViewController.swift */,
				B1128DFC1EC3739D007C58C1 /* TheMoonViewController.swift */,
				B1128DFE1EC374F6007C58C1 /* VenusViewController.swift */,
				B1128E001EC3752A007C58C1 /* MercuryViewController.swift */,
				B1128DF41EC37274007C58C1 /* JupiterViewController.swift */,
				B1AFFFF21EBB4DB1005664E6 /* Assets.xcassets */,
				B1AFFFF41EBB4DB1005664E6 /* LaunchScreen.storyboard */,
				B1AFFFF71EBB4DB1005664E6 /* Info.plist */,
			);
			path = "The Universe";
			sourceTree = "<group>";
		};
		B1AFFFFF1EBB4DB2005664E6 /* The UniverseTests */ = {
			isa = PBXGroup;
			children = (
				B1AF00001EBB4DB2005664E6 /* The_UniverseTests.swift */,
				B1AF00021EBB4DB2005664E6 /* Info.plist */,
			);
			path = "The UniverseTests";
			sourceTree = "<group>";
		};
/* End PBXGroup section */

/* Begin PBXNativeTarget section */
		B1AF00061EBB4DB2005664E6 /* The UniverseUITests */ = {
			isa = PBXNativeTarget;
			buildConfigurationList = B1AF00161EBB4DB2005664E6 /* Build configuration list for PBXNativeTarget "The UniverseUITests" */;
			buildPhases = (
				B1AF00031EBB4DB2005664E6 /* Sources */,
				B1AF00041EBB4DB2005664E6 /* Frameworks */,
				B1AF00051EBB4DB2005664E6 /* Resources */,
			);
			buildRules = (
			);
			dependencies = (
				B1AF00091EBB4DB2005664E6 /* PBXTargetDependency */,
			);
			name = "The UniverseUITests";
			productName = "The UniverseUITests";
			productReference = B1AF00071EBB4DB2005664E6 /* The UniverseUITests.xctest */;
			productType = "com.apple.product-type.bundle.ui-testing";
		};
		B1AFFFE71EBB4DB1005664E6 /* The Universe */ = {
			isa = PBXNativeTarget;
			buildConfigurationList = B1AF00101EBB4DB2005664E6 /* Build configuration list for PBXNativeTarget "The Universe" */;
			buildPhases = (
				B1AFFFE41EBB4DB1005664E6 /* Sources */,
				B1AFFFE51EBB4DB1005664E6 /* Frameworks */,
				B1AFFFE61EBB4DB1005664E6 /* Resources */,
			);
			buildRules = (
			);
			dependencies = (
			);
			name = "The Universe";
			productName = "The Universe";
			productReference = B1AFFFE81EBB4DB1005664E6 /* The Universe.app */;
			productType = "com.apple.product-type.application";
		};
		B1AFFFFB1EBB4DB2005664E6 /* The UniverseTests */ = {
			isa = PBXNativeTarget;
			buildConfigurationList = B1AF00131EBB4DB2005664E6 /* Build configuration list for PBXNativeTarget "The UniverseTests" */;
			buildPhases = (
				B1AFFFF81EBB4DB2005664E6 /* Sources */,
				B1AFFFF91EBB4DB2005664E6 /* Frameworks */,
				B1AFFFFA1EBB4DB2005664E6 /* Resources */,
			);
			buildRules = (
			);
			dependencies = (
				B1AFFFFE1EBB4DB2005664E6 /* PBXTargetDependency */,
			);
			name = "The UniverseTests";
			productName = "The UniverseTests";
			productReference = B1AFFFFC1EBB4DB2005664E6 /* The UniverseTests.xctest */;
			productType = "com.apple.product-type.bundle.unit-test";
		};
/* End PBXNativeTarget section */

/* Begin PBXProject section */
		B1AFFFE01EBB4DB1005664E6 /* Project object */ = {
			isa = PBXProject;
			attributes = {
				LastSwiftUpdateCheck = 0820;
				LastUpgradeCheck = 0820;
				ORGANIZATIONNAME = Manas;
				TargetAttributes = {
					B1AF00061EBB4DB2005664E6 = {
						CreatedOnToolsVersion = 8.2.1;
						DevelopmentTeam = 3RPU8N4B3R;
						ProvisioningStyle = Automatic;
						TestTargetID = B1AFFFE71EBB4DB1005664E6;
					};
					B1AFFFE71EBB4DB1005664E6 = {
						CreatedOnToolsVersion = 8.2.1;
						DevelopmentTeam = 3RPU8N4B3R;
						ProvisioningStyle = Automatic;
					};
					B1AFFFFB1EBB4DB2005664E6 = {
						CreatedOnToolsVersion = 8.2.1;
						DevelopmentTeam = 3RPU8N4B3R;
						ProvisioningStyle = Automatic;
						TestTargetID = B1AFFFE71EBB4DB1005664E6;
					};
				};
			};
			buildConfigurationList = B1AFFFE31EBB4DB1005664E6 /* Build configuration list for PBXProject "The Universe" */;
			compatibilityVersion = "Xcode 3.2";
			developmentRegion = English;
			hasScannedForEncodings = 0;
			knownRegions = (
				en,
				Base,
			);
			mainGroup = B1AFFFDF1EBB4DB1005664E6;
			productRefGroup = B1AFFFE91EBB4DB1005664E6 /* Products */;
			projectDirPath = "";
			projectRoot = "";
			targets = (
				B1AFFFE71EBB4DB1005664E6 /* The Universe */,
				B1AFFFFB1EBB4DB2005664E6 /* The UniverseTests */,
				B1AF00061EBB4DB2005664E6 /* The UniverseUITests */,
			);
		};
/* End PBXProject section */

/* Begin PBXResourcesBuildPhase section */
		B1AF00051EBB4DB2005664E6 /* Resources */ = {
			isa = PBXResourcesBuildPhase;
			buildActionMask = 2147483647;
			files = (
			);
			runOnlyForDeploymentPostprocessing = 0;
		};
		B1AFFFE61EBB4DB1005664E6 /* Resources */ = {
			isa = PBXResourcesBuildPhase;
			buildActionMask = 2147483647;
			files = (
				B1AFFFF61EBB4DB1005664E6 /* LaunchScreen.storyboard in Resources */,
				B1AFFFF31EBB4DB1005664E6 /* Assets.xcassets in Resources */,
				B1AFFFF11EBB4DB1005664E6 /* Main.storyboard in Resources */,
			);
			runOnlyForDeploymentPostprocessing = 0;
		};
		B1AFFFFA1EBB4DB2005664E6 /* Resources */ = {
			isa = PBXResourcesBuildPhase;
			buildActionMask = 2147483647;
			files = (
			);
			runOnlyForDeploymentPostprocessing = 0;
		};
/* End PBXResourcesBuildPhase section */

/* Begin PBXSourcesBuildPhase section */
		B1AF00031EBB4DB2005664E6 /* Sources */ = {
			isa = PBXSourcesBuildPhase;
			buildActionMask = 2147483647;
			files = (
				B1AF000C1EBB4DB2005664E6 /* The_UniverseUITests.swift in Sources */,
			);
			runOnlyForDeploymentPostprocessing = 0;
		};
		B1AFFFE41EBB4DB1005664E6 /* Sources */ = {
			isa = PBXSourcesBuildPhase;
			buildActionMask = 2147483647;
			files = (
				B1128DF71EC372C6007C58C1 /* SaturnViewController.swift in Sources */,
				B1128DF51EC37274007C58C1 /* JupiterViewController.swift in Sources */,
				B1128DFF1EC374F6007C58C1 /* VenusViewController.swift in Sources */,
				B1AFFFEE1EBB4DB1005664E6 /* ViewController.swift in Sources */,
				B1128E011EC3752A007C58C1 /* MercuryViewController.swift in Sources */,
				B1128DFB1EC37380007C58C1 /* NeptuneViewController.swift in Sources */,
				B1128DF91EC372EF007C58C1 /* TheSunViewController.swift in Sources */,
				B1128DF11EC371B4007C58C1 /* MarsViewController.swift in Sources */,
				B159D5001EE41D9400176077 /* File.swift in Sources */,
				B1128DF31EC371FA007C58C1 /* TheEarthViewController.swift in Sources */,
				B1128DFD1EC3739D007C58C1 /* TheMoonViewController.swift in Sources */,
				B1AFFFEC1EBB4DB1005664E6 /* AppDelegate.swift in Sources */,
				B159D5021EE420B500176077 /* WebViewController.swift in Sources */,
				B1128DEF1EC37062007C58C1 /* UranusViewController.swift in Sources */,
			);
			runOnlyForDeploymentPostprocessing = 0;
		};
		B1AFFFF81EBB4DB2005664E6 /* Sources */ = {
			isa = PBXSourcesBuildPhase;
			buildActionMask = 2147483647;
			files = (
				B1AF00011EBB4DB2005664E6 /* The_UniverseTests.swift in Sources */,
			);
			runOnlyForDeploymentPostprocessing = 0;
		};
/* End PBXSourcesBuildPhase section */

/* Begin PBXTargetDependency section */
		B1AF00091EBB4DB2005664E6 /* PBXTargetDependency */ = {
			isa = PBXTargetDependency;
			target = B1AFFFE71EBB4DB1005664E6 /* The Universe */;
			targetProxy = B1AF00081EBB4DB2005664E6 /* PBXContainerItemProxy */;
		};
		B1AFFFFE1EBB4DB2005664E6 /* PBXTargetDependency */ = {
			isa = PBXTargetDependency;
			target = B1AFFFE71EBB4DB1005664E6 /* The Universe */;
			targetProxy = B1AFFFFD1EBB4DB2005664E6 /* PBXContainerItemProxy */;
		};
/* End PBXTargetDependency section */

/* Begin PBXVariantGroup section */
		B1AFFFEF1EBB4DB1005664E6 /* Main.storyboard */ = {
			isa = PBXVariantGroup;
			children = (
				B1AFFFF01EBB4DB1005664E6 /* Base */,
			);
			name = Main.storyboard;
			sourceTree = "<group>";
		};
		B1AFFFF41EBB4DB1005664E6 /* LaunchScreen.storyboard */ = {
			isa = PBXVariantGroup;
			children = (
				B1AFFFF51EBB4DB1005664E6 /* Base */,
			);
			name = LaunchScreen.storyboard;
			sourceTree = "<group>";
		};
/* End PBXVariantGroup section */

/* Begin XCBuildConfiguration section */
		B1AF000E1EBB4DB2005664E6 /* Debug */ = {
			isa = XCBuildConfiguration;
			buildSettings = {
				ALWAYS_SEARCH_USER_PATHS = NO;
				CLANG_ANALYZER_NONNULL = YES;
				CLANG_CXX_LANGUAGE_STANDARD = "gnu++0x";
				CLANG_CXX_LIBRARY = "libc++";
				CLANG_ENABLE_MODULES = YES;
				CLANG_ENABLE_OBJC_ARC = YES;
				CLANG_WARN_BOOL_CONVERSION = YES;
				CLANG_WARN_CONSTANT_CONVERSION = YES;
				CLANG_WARN_DIRECT_OBJC_ISA_USAGE = YES_ERROR;
				CLANG_WARN_DOCUMENTATION_COMMENTS = YES;
				CLANG_WARN_EMPTY_BODY = YES;
				CLANG_WARN_ENUM_CONVERSION = YES;
				CLANG_WARN_INFINITE_RECURSION = YES;
				CLANG_WARN_INT_CONVERSION = YES;
				CLANG_WARN_OBJC_ROOT_CLASS = YES_ERROR;
				CLANG_WARN_SUSPICIOUS_MOVE = YES;
				CLANG_WARN_UNREACHABLE_CODE = YES;
				CLANG_WARN__DUPLICATE_METHOD_MATCH = YES;
				"CODE_SIGN_IDENTITY[sdk=iphoneos*]" = "iPhone Developer";
				COPY_PHASE_STRIP = NO;
				DEBUG_INFORMATION_FORMAT = dwarf;
				ENABLE_STRICT_OBJC_MSGSEND = YES;
				ENABLE_TESTABILITY = YES;
				GCC_C_LANGUAGE_STANDARD = gnu99;
				GCC_DYNAMIC_NO_PIC = NO;
				GCC_NO_COMMON_BLOCKS = YES;
				GCC_OPTIMIZATION_LEVEL = 0;
				GCC_PREPROCESSOR_DEFINITIONS = (
					"DEBUG=1",
					"$(inherited)",
				);
				GCC_WARN_64_TO_32_BIT_CONVERSION = YES;
				GCC_WARN_ABOUT_RETURN_TYPE = YES_ERROR;
				GCC_WARN_UNDECLARED_SELECTOR = YES;
				GCC_WARN_UNINITIALIZED_AUTOS = YES_AGGRESSIVE;
				GCC_WARN_UNUSED_FUNCTION = YES;
				GCC_WARN_UNUSED_VARIABLE = YES;
				IPHONEOS_DEPLOYMENT_TARGET = 10.2;
				MTL_ENABLE_DEBUG_INFO = YES;
				ONLY_ACTIVE_ARCH = YES;
				SDKROOT = iphoneos;
				SWIFT_ACTIVE_COMPILATION_CONDITIONS = DEBUG;
				SWIFT_OPTIMIZATION_LEVEL = "-Onone";
				TARGETED_DEVICE_FAMILY = "1,2";
			};
			name = Debug;
		};
		B1AF000F1EBB4DB2005664E6 /* Release */ = {
			isa = XCBuildConfiguration;
			buildSettings = {
				ALWAYS_SEARCH_USER_PATHS = NO;
				CLANG_ANALYZER_NONNULL = YES;
				CLANG_CXX_LANGUAGE_STANDARD = "gnu++0x";
				CLANG_CXX_LIBRARY = "libc++";
				CLANG_ENABLE_MODULES = YES;
				CLANG_ENABLE_OBJC_ARC = YES;
				CLANG_WARN_BOOL_CONVERSION = YES;
				CLANG_WARN_CONSTANT_CONVERSION = YES;
				CLANG_WARN_DIRECT_OBJC_ISA_USAGE = YES_ERROR;
				CLANG_WARN_DOCUMENTATION_COMMENTS = YES;
				CLANG_WARN_EMPTY_BODY = YES;
				CLANG_WARN_ENUM_CONVERSION = YES;
				CLANG_WARN_INFINITE_RECURSION = YES;
				CLANG_WARN_INT_CONVERSION = YES;
				CLANG_WARN_OBJC_ROOT_CLASS = YES_ERROR;
				CLANG_WARN_SUSPICIOUS_MOVE = YES;
				CLANG_WARN_UNREACHABLE_CODE = YES;
				CLANG_WARN__DUPLICATE_METHOD_MATCH = YES;
				"CODE_SIGN_IDENTITY[sdk=iphoneos*]" = "iPhone Developer";
				COPY_PHASE_STRIP = NO;
				DEBUG_INFORMATION_FORMAT = "dwarf-with-dsym";
				ENABLE_NS_ASSERTIONS = NO;
				ENABLE_STRICT_OBJC_MSGSEND = YES;
				GCC_C_LANGUAGE_STANDARD = gnu99;
				GCC_NO_COMMON_BLOCKS = YES;
				GCC_WARN_64_TO_32_BIT_CONVERSION = YES;
				GCC_WARN_ABOUT_RETURN_TYPE = YES_ERROR;
				GCC_WARN_UNDECLARED_SELECTOR = YES;
				GCC_WARN_UNINITIALIZED_AUTOS = YES_AGGRESSIVE;
				GCC_WARN_UNUSED_FUNCTION = YES;
				GCC_WARN_UNUSED_VARIABLE = YES;
				IPHONEOS_DEPLOYMENT_TARGET = 10.2;
				MTL_ENABLE_DEBUG_INFO = NO;
				SDKROOT = iphoneos;
				SWIFT_OPTIMIZATION_LEVEL = "-Owholemodule";
				TARGETED_DEVICE_FAMILY = "1,2";
				VALIDATE_PRODUCT = YES;
			};
			name = Release;
		};
		B1AF00111EBB4DB2005664E6 /* Debug */ = {
			isa = XCBuildConfiguration;
			buildSettings = {
				ASSETCATALOG_COMPILER_APPICON_NAME = AppIcon;
				DEVELOPMENT_TEAM = 3RPU8N4B3R;
				INFOPLIST_FILE = "The Universe/Info.plist";
				LD_RUNPATH_SEARCH_PATHS = "$(inherited) @executable_path/Frameworks";
				PRODUCT_BUNDLE_IDENTIFIER = "Com.example.The-Universe.Single-Paged";
				PRODUCT_NAME = "$(TARGET_NAME)";
				SWIFT_VERSION = 3.0;
			};
			name = Debug;
		};
		B1AF00121EBB4DB2005664E6 /* Release */ = {
			isa = XCBuildConfiguration;
			buildSettings = {
				ASSETCATALOG_COMPILER_APPICON_NAME = AppIcon;
				DEVELOPMENT_TEAM = 3RPU8N4B3R;
				INFOPLIST_FILE = "The Universe/Info.plist";
				LD_RUNPATH_SEARCH_PATHS = "$(inherited) @executable_path/Frameworks";
				PRODUCT_BUNDLE_IDENTIFIER = "Com.example.The-Universe.Single-Paged";
				PRODUCT_NAME = "$(TARGET_NAME)";
				SWIFT_VERSION = 3.0;
			};
			name = Release;
		};
		B1AF00141EBB4DB2005664E6 /* Debug */ = {
			isa = XCBuildConfiguration;
			buildSettings = {
				ALWAYS_EMBED_SWIFT_STANDARD_LIBRARIES = YES;
				BUNDLE_LOADER = "$(TEST_HOST)";
				DEVELOPMENT_TEAM = 3RPU8N4B3R;
				INFOPLIST_FILE = "The UniverseTests/Info.plist";
				LD_RUNPATH_SEARCH_PATHS = "$(inherited) @executable_path/Frameworks @loader_path/Frameworks";
				PRODUCT_BUNDLE_IDENTIFIER = "Com.example.The-UniverseTests";
				PRODUCT_NAME = "$(TARGET_NAME)";
				SWIFT_VERSION = 3.0;
				TEST_HOST = "$(BUILT_PRODUCTS_DIR)/The Universe.app/The Universe";
			};
			name = Debug;
		};
		B1AF00151EBB4DB2005664E6 /* Release */ = {
			isa = XCBuildConfiguration;
			buildSettings = {
				ALWAYS_EMBED_SWIFT_STANDARD_LIBRARIES = YES;
				BUNDLE_LOADER = "$(TEST_HOST)";
				DEVELOPMENT_TEAM = 3RPU8N4B3R;
				INFOPLIST_FILE = "The UniverseTests/Info.plist";
				LD_RUNPATH_SEARCH_PATHS = "$(inherited) @executable_path/Frameworks @loader_path/Frameworks";
				PRODUCT_BUNDLE_IDENTIFIER = "Com.example.The-UniverseTests";
				PRODUCT_NAME = "$(TARGET_NAME)";
				SWIFT_VERSION = 3.0;
				TEST_HOST = "$(BUILT_PRODUCTS_DIR)/The Universe.app/The Universe";
			};
			name = Release;
		};
		B1AF00171EBB4DB2005664E6 /* Debug */ = {
			isa = XCBuildConfiguration;
			buildSettings = {
				ALWAYS_EMBED_SWIFT_STANDARD_LIBRARIES = YES;
				DEVELOPMENT_TEAM = 3RPU8N4B3R;
				INFOPLIST_FILE = "The UniverseUITests/Info.plist";
				LD_RUNPATH_SEARCH_PATHS = "$(inherited) @executable_path/Frameworks @loader_path/Frameworks";
				PRODUCT_BUNDLE_IDENTIFIER = "Com.example.The-UniverseUITests";
				PRODUCT_NAME = "$(TARGET_NAME)";
				SWIFT_VERSION = 3.0;
				TEST_TARGET_NAME = "The Universe";
			};
			name = Debug;
		};
		B1AF00181EBB4DB2005664E6 /* Release */ = {
			isa = XCBuildConfiguration;
			buildSettings = {
				ALWAYS_EMBED_SWIFT_STANDARD_LIBRARIES = YES;
				DEVELOPMENT_TEAM = 3RPU8N4B3R;
				INFOPLIST_FILE = "The UniverseUITests/Info.plist";
				LD_RUNPATH_SEARCH_PATHS = "$(inherited) @executable_path/Frameworks @loader_path/Frameworks";
				PRODUCT_BUNDLE_IDENTIFIER = "Com.example.The-UniverseUITests";
				PRODUCT_NAME = "$(TARGET_NAME)";
				SWIFT_VERSION = 3.0;
				TEST_TARGET_NAME = "The Universe";
			};
			name = Release;
		};
/* End XCBuildConfiguration section */

/* Begin XCConfigurationList section */
		B1AF00101EBB4DB2005664E6 /* Build configuration list for PBXNativeTarget "The Universe" */ = {
			isa = XCConfigurationList;
			buildConfigurations = (
				B1AF00111EBB4DB2005664E6 /* Debug */,
				B1AF00121EBB4DB2005664E6 /* Release */,
			);
			defaultConfigurationIsVisible = 0;
			defaultConfigurationName = Release;
		};
		B1AF00131EBB4DB2005664E6 /* Build configuration list for PBXNativeTarget "The UniverseTests" */ = {
			isa = XCConfigurationList;
			buildConfigurations = (
				B1AF00141EBB4DB2005664E6 /* Debug */,
				B1AF00151EBB4DB2005664E6 /* Release */,
			);
			defaultConfigurationIsVisible = 0;
			defaultConfigurationName = Release;
		};
		B1AF00161EBB4DB2005664E6 /* Build configuration list for PBXNativeTarget "The UniverseUITests" */ = {
			isa = XCConfigurationList;
			buildConfigurations = (
				B1AF00171EBB4DB2005664E6 /* Debug */,
				B1AF00181EBB4DB2005664E6 /* Release */,
			);
			defaultConfigurationIsVisible = 0;
			defaultConfigurationName = Release;
		};
		B1AFFFE31EBB4DB1005664E6 /* Build configuration list for PBXProject "The Universe" */ = {
			isa = XCConfigurationList;
			buildConfigurations = (
				B1AF000E1EBB4DB2005664E6 /* Debug */,
				B1AF000F1EBB4DB2005664E6 /* Release */,
			);
			defaultConfigurationIsVisible = 0;
			defaultConfigurationName = Release;
		};
/* End XCConfigurationList section */
	};
	rootObject = B1AFFFE01EBB4DB1005664E6 /* Project object */;
}
